// !$*UTF8*$!
{
	archiveVersion = 1;
	classes = {
	};
	objectVersion = 56;
	objects = {

/* Begin PBXBuildFile section */
		C635F4362A9645B10096F9FF /* PayPalMessages.framework in Frameworks */ = {isa = PBXBuildFile; fileRef = C635F42E2A9645B10096F9FF /* PayPalMessages.framework */; };
		C635F4C12A964A020096F9FF /* PayPalMessageModalViewModel.swift in Sources */ = {isa = PBXBuildFile; fileRef = C635F48E2A964A020096F9FF /* PayPalMessageModalViewModel.swift */; };
		C635F4C22A964A020096F9FF /* ComponentLogger.swift in Sources */ = {isa = PBXBuildFile; fileRef = C635F4902A964A020096F9FF /* ComponentLogger.swift */; };
		C635F4C32A964A020096F9FF /* ComponentLoggerEvent.swift in Sources */ = {isa = PBXBuildFile; fileRef = C635F4912A964A020096F9FF /* ComponentLoggerEvent.swift */; };
		C635F4C42A964A020096F9FF /* Logger.swift in Sources */ = {isa = PBXBuildFile; fileRef = C635F4922A964A020096F9FF /* Logger.swift */; };
		C635F4C52A964A020096F9FF /* AnyStringKey.swift in Sources */ = {isa = PBXBuildFile; fileRef = C635F4932A964A020096F9FF /* AnyStringKey.swift */; };
		C635F4C62A964A020096F9FF /* AnyCodable.swift in Sources */ = {isa = PBXBuildFile; fileRef = C635F4942A964A020096F9FF /* AnyCodable.swift */; };
		C635F4C72A964A020096F9FF /* PayPalMessageConfig.swift in Sources */ = {isa = PBXBuildFile; fileRef = C635F4962A964A020096F9FF /* PayPalMessageConfig.swift */; };
		C635F4C82A964A020096F9FF /* PayPalMessageModalConfig.swift in Sources */ = {isa = PBXBuildFile; fileRef = C635F4972A964A020096F9FF /* PayPalMessageModalConfig.swift */; };
		C635F4C92A964A020096F9FF /* PayPalMessageView.swift in Sources */ = {isa = PBXBuildFile; fileRef = C635F4982A964A020096F9FF /* PayPalMessageView.swift */; };
		C635F4CA2A964A020096F9FF /* PayPalMessageViewModel.swift in Sources */ = {isa = PBXBuildFile; fileRef = C635F4992A964A020096F9FF /* PayPalMessageViewModel.swift */; };
		C635F4CB2A964A020096F9FF /* PayPalMessageOfferType.swift in Sources */ = {isa = PBXBuildFile; fileRef = C635F49B2A964A020096F9FF /* PayPalMessageOfferType.swift */; };
		C635F4CC2A964A020096F9FF /* BuildInfo.swift in Sources */ = {isa = PBXBuildFile; fileRef = C635F49C2A964A020096F9FF /* BuildInfo.swift */; };
		C635F4CD2A964A020096F9FF /* Environment.swift in Sources */ = {isa = PBXBuildFile; fileRef = C635F49D2A964A020096F9FF /* Environment.swift */; };
		C635F4CE2A964A020096F9FF /* PayPalMessageTextAlignment.swift in Sources */ = {isa = PBXBuildFile; fileRef = C635F49E2A964A020096F9FF /* PayPalMessageTextAlignment.swift */; };
		C635F4CF2A964A020096F9FF /* PayPalMessageColor.swift in Sources */ = {isa = PBXBuildFile; fileRef = C635F49F2A964A020096F9FF /* PayPalMessageColor.swift */; };
		C635F4D02A964A020096F9FF /* PayPalMessagePlacement.swift in Sources */ = {isa = PBXBuildFile; fileRef = C635F4A02A964A020096F9FF /* PayPalMessagePlacement.swift */; };
		C635F4D12A964A020096F9FF /* ImageAsset.swift in Sources */ = {isa = PBXBuildFile; fileRef = C635F4A12A964A020096F9FF /* ImageAsset.swift */; };
		C635F4D22A964A020096F9FF /* PayPalMessageError.swift in Sources */ = {isa = PBXBuildFile; fileRef = C635F4A22A964A020096F9FF /* PayPalMessageError.swift */; };
		C635F4D32A964A020096F9FF /* HTTPHeaders.swift in Sources */ = {isa = PBXBuildFile; fileRef = C635F4A32A964A020096F9FF /* HTTPHeaders.swift */; };
		C635F4D42A964A020096F9FF /* PayPalMessageLogoType.swift in Sources */ = {isa = PBXBuildFile; fileRef = C635F4A42A964A020096F9FF /* PayPalMessageLogoType.swift */; };
		C635F4D52A964A020096F9FF /* MessageRequest.swift in Sources */ = {isa = PBXBuildFile; fileRef = C635F4A62A964A020096F9FF /* MessageRequest.swift */; };
		C635F4D62A964A020096F9FF /* MerchantProfileProvider.swift in Sources */ = {isa = PBXBuildFile; fileRef = C635F4A72A964A020096F9FF /* MerchantProfileProvider.swift */; };
		C635F4D72A964A020096F9FF /* MerchantProfileRequest.swift in Sources */ = {isa = PBXBuildFile; fileRef = C635F4A82A964A020096F9FF /* MerchantProfileRequest.swift */; };
		C635F4D82A964A020096F9FF /* MerchantProfileData.swift in Sources */ = {isa = PBXBuildFile; fileRef = C635F4A92A964A020096F9FF /* MerchantProfileData.swift */; };
		C635F4D92A964A020096F9FF /* MessageResponse.swift in Sources */ = {isa = PBXBuildFile; fileRef = C635F4AA2A964A020096F9FF /* MessageResponse.swift */; };
		C635F4DA2A964A020096F9FF /* Assets.xcassets in Resources */ = {isa = PBXBuildFile; fileRef = C635F4AB2A964A020096F9FF /* Assets.xcassets */; };
		C635F4DB2A964A020096F9FF /* PayPalMessageViewParameters.swift in Sources */ = {isa = PBXBuildFile; fileRef = C635F4AD2A964A020096F9FF /* PayPalMessageViewParameters.swift */; };
		C635F4DC2A964A020096F9FF /* Log.swift in Sources */ = {isa = PBXBuildFile; fileRef = C635F4AE2A964A020096F9FF /* Log.swift */; };
		C635F4DD2A964A020096F9FF /* Proxy.swift in Sources */ = {isa = PBXBuildFile; fileRef = C635F4AF2A964A020096F9FF /* Proxy.swift */; };
		C635F4DE2A964A020096F9FF /* PayPalMessageAttributedStringBuilder.swift in Sources */ = {isa = PBXBuildFile; fileRef = C635F4B02A964A020096F9FF /* PayPalMessageAttributedStringBuilder.swift */; };
		C635F4DF2A964A020096F9FF /* PayPalMessageViewParametersBuilder.swift in Sources */ = {isa = PBXBuildFile; fileRef = C635F4B12A964A020096F9FF /* PayPalMessageViewParametersBuilder.swift */; };
		C635F4E02A964A020096F9FF /* Fetch.swift in Sources */ = {isa = PBXBuildFile; fileRef = C635F4B22A964A020096F9FF /* Fetch.swift */; };
		C635F4E12A964A020096F9FF /* UIView.swift in Sources */ = {isa = PBXBuildFile; fileRef = C635F4B42A964A020096F9FF /* UIView.swift */; };
		C635F4E22A964A020096F9FF /* UIColor.swift in Sources */ = {isa = PBXBuildFile; fileRef = C635F4B52A964A020096F9FF /* UIColor.swift */; };
		C635F4E42A964A020096F9FF /* UserDefaults.swift in Sources */ = {isa = PBXBuildFile; fileRef = C635F4B72A964A020096F9FF /* UserDefaults.swift */; };
		C635F4E52A964A020096F9FF /* UIViewController.swift in Sources */ = {isa = PBXBuildFile; fileRef = C635F4B82A964A020096F9FF /* UIViewController.swift */; };
		C635F4E62A964A020096F9FF /* HTTPURLResponse.swift in Sources */ = {isa = PBXBuildFile; fileRef = C635F4B92A964A020096F9FF /* HTTPURLResponse.swift */; };
		C635F4E72A964A020096F9FF /* CGFloat.swift in Sources */ = {isa = PBXBuildFile; fileRef = C635F4BA2A964A020096F9FF /* CGFloat.swift */; };
		C635F4E82A964A020096F9FF /* PayPalMessageModalDelegates.swift in Sources */ = {isa = PBXBuildFile; fileRef = C635F4BC2A964A020096F9FF /* PayPalMessageModalDelegates.swift */; };
		C635F4E92A964A020096F9FF /* PayPalMessageDelegates.swift in Sources */ = {isa = PBXBuildFile; fileRef = C635F4BD2A964A020096F9FF /* PayPalMessageDelegates.swift */; };
		C635F4EA2A964A020096F9FF /* CloseButton.swift in Sources */ = {isa = PBXBuildFile; fileRef = C635F4BF2A964A020096F9FF /* CloseButton.swift */; };
		C635F4EB2A964A020096F9FF /* PayPalMessageModal.swift in Sources */ = {isa = PBXBuildFile; fileRef = C635F4C02A964A020096F9FF /* PayPalMessageModal.swift */; };
		C635F4FE2A96524D0096F9FF /* PayPalMessageRequestMock.swift in Sources */ = {isa = PBXBuildFile; fileRef = C635F4F22A96524D0096F9FF /* PayPalMessageRequestMock.swift */; };
		C635F4FF2A96524D0096F9FF /* MerchantProfileRequestMock.swift in Sources */ = {isa = PBXBuildFile; fileRef = C635F4F32A96524D0096F9FF /* MerchantProfileRequestMock.swift */; };
		C635F5002A96524D0096F9FF /* PayPalMessageViewMock.swift in Sources */ = {isa = PBXBuildFile; fileRef = C635F4F42A96524D0096F9FF /* PayPalMessageViewMock.swift */; };
		C635F5012A96524D0096F9FF /* PayPalMessageLogSenderMock.swift in Sources */ = {isa = PBXBuildFile; fileRef = C635F4F52A96524D0096F9FF /* PayPalMessageLogSenderMock.swift */; };
		C635F5022A96524D0096F9FF /* PayPalMessageModalMocks.swift in Sources */ = {isa = PBXBuildFile; fileRef = C635F4F62A96524D0096F9FF /* PayPalMessageModalMocks.swift */; };
		C635F5032A96524D0096F9FF /* PayPalMessageMerchantProviderMock.swift in Sources */ = {isa = PBXBuildFile; fileRef = C635F4F72A96524D0096F9FF /* PayPalMessageMerchantProviderMock.swift */; };
		C635F5042A96524D0096F9FF /* PayPalMessageAttributedStringTests.swift in Sources */ = {isa = PBXBuildFile; fileRef = C635F4F82A96524D0096F9FF /* PayPalMessageAttributedStringTests.swift */; };
		C635F5052A96524D0096F9FF /* PayPalMessageLogoTests.swift in Sources */ = {isa = PBXBuildFile; fileRef = C635F4F92A96524D0096F9FF /* PayPalMessageLogoTests.swift */; };
		C635F5062A96524D0096F9FF /* PayPalMessageViewModelTests.swift in Sources */ = {isa = PBXBuildFile; fileRef = C635F4FA2A96524D0096F9FF /* PayPalMessageViewModelTests.swift */; };
		C635F5072A96524D0096F9FF /* PayPalMessageLoggerTests.swift in Sources */ = {isa = PBXBuildFile; fileRef = C635F4FB2A96524D0096F9FF /* PayPalMessageLoggerTests.swift */; };
		C635F5082A96524D0096F9FF /* MerchantProfileProviderTests.swift in Sources */ = {isa = PBXBuildFile; fileRef = C635F4FC2A96524D0096F9FF /* MerchantProfileProviderTests.swift */; };
		C635F5092A96524D0096F9FF /* PayPalMessageModalViewModelTests.swift in Sources */ = {isa = PBXBuildFile; fileRef = C635F4FD2A96524D0096F9FF /* PayPalMessageModalViewModelTests.swift */; };
		F23BF3832AB89AA30074FA00 /* CloseButtonTests.swift in Sources */ = {isa = PBXBuildFile; fileRef = F23BF3822AB89AA30074FA00 /* CloseButtonTests.swift */; };
		F23BF3852AB89F670074FA00 /* UIViewTests.swift in Sources */ = {isa = PBXBuildFile; fileRef = F23BF3842AB89F670074FA00 /* UIViewTests.swift */; };
		F23BF3872AB8AA470074FA00 /* AnyStringKeyTests.swift in Sources */ = {isa = PBXBuildFile; fileRef = F23BF3862AB8AA470074FA00 /* AnyStringKeyTests.swift */; };
		F23BF38B2AB8BAAC0074FA00 /* AnyCodableTests.swift in Sources */ = {isa = PBXBuildFile; fileRef = F23BF38A2AB8BAAC0074FA00 /* AnyCodableTests.swift */; };
		F23BF38F2AB8D3A70074FA00 /* EnvironmentTests.swift in Sources */ = {isa = PBXBuildFile; fileRef = F23BF38E2AB8D3A70074FA00 /* EnvironmentTests.swift */; };
		F23BF3912AB8D6E60074FA00 /* PayPalMessageModalTests.swift in Sources */ = {isa = PBXBuildFile; fileRef = F23BF3902AB8D6E60074FA00 /* PayPalMessageModalTests.swift */; };
		F23BF3932AB8D8A70074FA00 /* PayPalMessageViewTests.swift in Sources */ = {isa = PBXBuildFile; fileRef = F23BF3922AB8D8A70074FA00 /* PayPalMessageViewTests.swift */; };
		F23BF3952AB9CEDA0074FA00 /* PayPalMessageResponseTests.swift in Sources */ = {isa = PBXBuildFile; fileRef = F23BF3942AB9CEDA0074FA00 /* PayPalMessageResponseTests.swift */; };
		F27522982AE056670092A3BF /* PayPalMessageConfigTests.swift in Sources */ = {isa = PBXBuildFile; fileRef = F27522972AE056670092A3BF /* PayPalMessageConfigTests.swift */; };
/* End PBXBuildFile section */

/* Begin PBXContainerItemProxy section */
		C635F4372A9645B10096F9FF /* PBXContainerItemProxy */ = {
			isa = PBXContainerItemProxy;
			containerPortal = C635F3BC2A963DBE0096F9FF /* Project object */;
			proxyType = 1;
			remoteGlobalIDString = C635F42D2A9645B10096F9FF;
			remoteInfo = PayPalMessages;
		};
/* End PBXContainerItemProxy section */

/* Begin PBXFileReference section */
		C635F42E2A9645B10096F9FF /* PayPalMessages.framework */ = {isa = PBXFileReference; explicitFileType = wrapper.framework; includeInIndex = 0; path = PayPalMessages.framework; sourceTree = BUILT_PRODUCTS_DIR; };
		C635F4352A9645B10096F9FF /* PayPalMessagesTests.xctest */ = {isa = PBXFileReference; explicitFileType = wrapper.cfbundle; includeInIndex = 0; path = PayPalMessagesTests.xctest; sourceTree = BUILT_PRODUCTS_DIR; };
		C635F48E2A964A020096F9FF /* PayPalMessageModalViewModel.swift */ = {isa = PBXFileReference; fileEncoding = 4; lastKnownFileType = sourcecode.swift; path = PayPalMessageModalViewModel.swift; sourceTree = "<group>"; };
		C635F4902A964A020096F9FF /* ComponentLogger.swift */ = {isa = PBXFileReference; fileEncoding = 4; lastKnownFileType = sourcecode.swift; path = ComponentLogger.swift; sourceTree = "<group>"; };
		C635F4912A964A020096F9FF /* ComponentLoggerEvent.swift */ = {isa = PBXFileReference; fileEncoding = 4; lastKnownFileType = sourcecode.swift; path = ComponentLoggerEvent.swift; sourceTree = "<group>"; };
		C635F4922A964A020096F9FF /* Logger.swift */ = {isa = PBXFileReference; fileEncoding = 4; lastKnownFileType = sourcecode.swift; path = Logger.swift; sourceTree = "<group>"; };
		C635F4932A964A020096F9FF /* AnyStringKey.swift */ = {isa = PBXFileReference; fileEncoding = 4; lastKnownFileType = sourcecode.swift; path = AnyStringKey.swift; sourceTree = "<group>"; };
		C635F4942A964A020096F9FF /* AnyCodable.swift */ = {isa = PBXFileReference; fileEncoding = 4; lastKnownFileType = sourcecode.swift; path = AnyCodable.swift; sourceTree = "<group>"; };
		C635F4962A964A020096F9FF /* PayPalMessageConfig.swift */ = {isa = PBXFileReference; fileEncoding = 4; lastKnownFileType = sourcecode.swift; path = PayPalMessageConfig.swift; sourceTree = "<group>"; };
		C635F4972A964A020096F9FF /* PayPalMessageModalConfig.swift */ = {isa = PBXFileReference; fileEncoding = 4; lastKnownFileType = sourcecode.swift; path = PayPalMessageModalConfig.swift; sourceTree = "<group>"; };
		C635F4982A964A020096F9FF /* PayPalMessageView.swift */ = {isa = PBXFileReference; fileEncoding = 4; lastKnownFileType = sourcecode.swift; path = PayPalMessageView.swift; sourceTree = "<group>"; };
		C635F4992A964A020096F9FF /* PayPalMessageViewModel.swift */ = {isa = PBXFileReference; fileEncoding = 4; lastKnownFileType = sourcecode.swift; path = PayPalMessageViewModel.swift; sourceTree = "<group>"; };
		C635F49B2A964A020096F9FF /* PayPalMessageOfferType.swift */ = {isa = PBXFileReference; fileEncoding = 4; lastKnownFileType = sourcecode.swift; path = PayPalMessageOfferType.swift; sourceTree = "<group>"; };
		C635F49C2A964A020096F9FF /* BuildInfo.swift */ = {isa = PBXFileReference; fileEncoding = 4; lastKnownFileType = sourcecode.swift; path = BuildInfo.swift; sourceTree = "<group>"; };
		C635F49D2A964A020096F9FF /* Environment.swift */ = {isa = PBXFileReference; fileEncoding = 4; lastKnownFileType = sourcecode.swift; path = Environment.swift; sourceTree = "<group>"; };
		C635F49E2A964A020096F9FF /* PayPalMessageTextAlignment.swift */ = {isa = PBXFileReference; fileEncoding = 4; lastKnownFileType = sourcecode.swift; path = PayPalMessageTextAlignment.swift; sourceTree = "<group>"; };
		C635F49F2A964A020096F9FF /* PayPalMessageColor.swift */ = {isa = PBXFileReference; fileEncoding = 4; lastKnownFileType = sourcecode.swift; path = PayPalMessageColor.swift; sourceTree = "<group>"; };
		C635F4A02A964A020096F9FF /* PayPalMessagePlacement.swift */ = {isa = PBXFileReference; fileEncoding = 4; lastKnownFileType = sourcecode.swift; path = PayPalMessagePlacement.swift; sourceTree = "<group>"; };
		C635F4A12A964A020096F9FF /* ImageAsset.swift */ = {isa = PBXFileReference; fileEncoding = 4; lastKnownFileType = sourcecode.swift; path = ImageAsset.swift; sourceTree = "<group>"; };
		C635F4A22A964A020096F9FF /* PayPalMessageError.swift */ = {isa = PBXFileReference; fileEncoding = 4; lastKnownFileType = sourcecode.swift; path = PayPalMessageError.swift; sourceTree = "<group>"; };
		C635F4A32A964A020096F9FF /* HTTPHeaders.swift */ = {isa = PBXFileReference; fileEncoding = 4; lastKnownFileType = sourcecode.swift; path = HTTPHeaders.swift; sourceTree = "<group>"; };
		C635F4A42A964A020096F9FF /* PayPalMessageLogoType.swift */ = {isa = PBXFileReference; fileEncoding = 4; lastKnownFileType = sourcecode.swift; path = PayPalMessageLogoType.swift; sourceTree = "<group>"; };
		C635F4A62A964A020096F9FF /* MessageRequest.swift */ = {isa = PBXFileReference; fileEncoding = 4; lastKnownFileType = sourcecode.swift; path = MessageRequest.swift; sourceTree = "<group>"; };
		C635F4A72A964A020096F9FF /* MerchantProfileProvider.swift */ = {isa = PBXFileReference; fileEncoding = 4; lastKnownFileType = sourcecode.swift; path = MerchantProfileProvider.swift; sourceTree = "<group>"; };
		C635F4A82A964A020096F9FF /* MerchantProfileRequest.swift */ = {isa = PBXFileReference; fileEncoding = 4; lastKnownFileType = sourcecode.swift; path = MerchantProfileRequest.swift; sourceTree = "<group>"; };
		C635F4A92A964A020096F9FF /* MerchantProfileData.swift */ = {isa = PBXFileReference; fileEncoding = 4; lastKnownFileType = sourcecode.swift; path = MerchantProfileData.swift; sourceTree = "<group>"; };
		C635F4AA2A964A020096F9FF /* MessageResponse.swift */ = {isa = PBXFileReference; fileEncoding = 4; lastKnownFileType = sourcecode.swift; path = MessageResponse.swift; sourceTree = "<group>"; };
		C635F4AB2A964A020096F9FF /* Assets.xcassets */ = {isa = PBXFileReference; lastKnownFileType = folder.assetcatalog; path = Assets.xcassets; sourceTree = "<group>"; };
		C635F4AD2A964A020096F9FF /* PayPalMessageViewParameters.swift */ = {isa = PBXFileReference; fileEncoding = 4; lastKnownFileType = sourcecode.swift; path = PayPalMessageViewParameters.swift; sourceTree = "<group>"; };
		C635F4AE2A964A020096F9FF /* Log.swift */ = {isa = PBXFileReference; fileEncoding = 4; lastKnownFileType = sourcecode.swift; path = Log.swift; sourceTree = "<group>"; };
		C635F4AF2A964A020096F9FF /* Proxy.swift */ = {isa = PBXFileReference; fileEncoding = 4; lastKnownFileType = sourcecode.swift; path = Proxy.swift; sourceTree = "<group>"; };
		C635F4B02A964A020096F9FF /* PayPalMessageAttributedStringBuilder.swift */ = {isa = PBXFileReference; fileEncoding = 4; lastKnownFileType = sourcecode.swift; path = PayPalMessageAttributedStringBuilder.swift; sourceTree = "<group>"; };
		C635F4B12A964A020096F9FF /* PayPalMessageViewParametersBuilder.swift */ = {isa = PBXFileReference; fileEncoding = 4; lastKnownFileType = sourcecode.swift; path = PayPalMessageViewParametersBuilder.swift; sourceTree = "<group>"; };
		C635F4B22A964A020096F9FF /* Fetch.swift */ = {isa = PBXFileReference; fileEncoding = 4; lastKnownFileType = sourcecode.swift; path = Fetch.swift; sourceTree = "<group>"; };
		C635F4B42A964A020096F9FF /* UIView.swift */ = {isa = PBXFileReference; fileEncoding = 4; lastKnownFileType = sourcecode.swift; path = UIView.swift; sourceTree = "<group>"; };
		C635F4B52A964A020096F9FF /* UIColor.swift */ = {isa = PBXFileReference; fileEncoding = 4; lastKnownFileType = sourcecode.swift; path = UIColor.swift; sourceTree = "<group>"; };
		C635F4B72A964A020096F9FF /* UserDefaults.swift */ = {isa = PBXFileReference; fileEncoding = 4; lastKnownFileType = sourcecode.swift; path = UserDefaults.swift; sourceTree = "<group>"; };
		C635F4B82A964A020096F9FF /* UIViewController.swift */ = {isa = PBXFileReference; fileEncoding = 4; lastKnownFileType = sourcecode.swift; path = UIViewController.swift; sourceTree = "<group>"; };
		C635F4B92A964A020096F9FF /* HTTPURLResponse.swift */ = {isa = PBXFileReference; fileEncoding = 4; lastKnownFileType = sourcecode.swift; path = HTTPURLResponse.swift; sourceTree = "<group>"; };
		C635F4BA2A964A020096F9FF /* CGFloat.swift */ = {isa = PBXFileReference; fileEncoding = 4; lastKnownFileType = sourcecode.swift; path = CGFloat.swift; sourceTree = "<group>"; };
		C635F4BC2A964A020096F9FF /* PayPalMessageModalDelegates.swift */ = {isa = PBXFileReference; fileEncoding = 4; lastKnownFileType = sourcecode.swift; path = PayPalMessageModalDelegates.swift; sourceTree = "<group>"; };
		C635F4BD2A964A020096F9FF /* PayPalMessageDelegates.swift */ = {isa = PBXFileReference; fileEncoding = 4; lastKnownFileType = sourcecode.swift; path = PayPalMessageDelegates.swift; sourceTree = "<group>"; };
		C635F4BF2A964A020096F9FF /* CloseButton.swift */ = {isa = PBXFileReference; fileEncoding = 4; lastKnownFileType = sourcecode.swift; path = CloseButton.swift; sourceTree = "<group>"; };
		C635F4C02A964A020096F9FF /* PayPalMessageModal.swift */ = {isa = PBXFileReference; fileEncoding = 4; lastKnownFileType = sourcecode.swift; path = PayPalMessageModal.swift; sourceTree = "<group>"; };
		C635F4EC2A96520C0096F9FF /* PayPalMessages.podspec */ = {isa = PBXFileReference; lastKnownFileType = text; path = PayPalMessages.podspec; sourceTree = "<group>"; };
		C635F4ED2A96520C0096F9FF /* Package.swift */ = {isa = PBXFileReference; lastKnownFileType = sourcecode.swift; path = Package.swift; sourceTree = "<group>"; };
		C635F4EE2A96520D0096F9FF /* README.md */ = {isa = PBXFileReference; lastKnownFileType = net.daringfireball.markdown; path = README.md; sourceTree = "<group>"; };
		C635F4F22A96524D0096F9FF /* PayPalMessageRequestMock.swift */ = {isa = PBXFileReference; fileEncoding = 4; lastKnownFileType = sourcecode.swift; path = PayPalMessageRequestMock.swift; sourceTree = "<group>"; };
		C635F4F32A96524D0096F9FF /* MerchantProfileRequestMock.swift */ = {isa = PBXFileReference; fileEncoding = 4; lastKnownFileType = sourcecode.swift; path = MerchantProfileRequestMock.swift; sourceTree = "<group>"; };
		C635F4F42A96524D0096F9FF /* PayPalMessageViewMock.swift */ = {isa = PBXFileReference; fileEncoding = 4; lastKnownFileType = sourcecode.swift; path = PayPalMessageViewMock.swift; sourceTree = "<group>"; };
		C635F4F52A96524D0096F9FF /* PayPalMessageLogSenderMock.swift */ = {isa = PBXFileReference; fileEncoding = 4; lastKnownFileType = sourcecode.swift; path = PayPalMessageLogSenderMock.swift; sourceTree = "<group>"; };
		C635F4F62A96524D0096F9FF /* PayPalMessageModalMocks.swift */ = {isa = PBXFileReference; fileEncoding = 4; lastKnownFileType = sourcecode.swift; path = PayPalMessageModalMocks.swift; sourceTree = "<group>"; };
		C635F4F72A96524D0096F9FF /* PayPalMessageMerchantProviderMock.swift */ = {isa = PBXFileReference; fileEncoding = 4; lastKnownFileType = sourcecode.swift; path = PayPalMessageMerchantProviderMock.swift; sourceTree = "<group>"; };
		C635F4F82A96524D0096F9FF /* PayPalMessageAttributedStringTests.swift */ = {isa = PBXFileReference; fileEncoding = 4; lastKnownFileType = sourcecode.swift; path = PayPalMessageAttributedStringTests.swift; sourceTree = "<group>"; };
		C635F4F92A96524D0096F9FF /* PayPalMessageLogoTests.swift */ = {isa = PBXFileReference; fileEncoding = 4; lastKnownFileType = sourcecode.swift; path = PayPalMessageLogoTests.swift; sourceTree = "<group>"; };
		C635F4FA2A96524D0096F9FF /* PayPalMessageViewModelTests.swift */ = {isa = PBXFileReference; fileEncoding = 4; lastKnownFileType = sourcecode.swift; path = PayPalMessageViewModelTests.swift; sourceTree = "<group>"; };
		C635F4FB2A96524D0096F9FF /* PayPalMessageLoggerTests.swift */ = {isa = PBXFileReference; fileEncoding = 4; lastKnownFileType = sourcecode.swift; path = PayPalMessageLoggerTests.swift; sourceTree = "<group>"; };
		C635F4FC2A96524D0096F9FF /* MerchantProfileProviderTests.swift */ = {isa = PBXFileReference; fileEncoding = 4; lastKnownFileType = sourcecode.swift; path = MerchantProfileProviderTests.swift; sourceTree = "<group>"; };
		C635F4FD2A96524D0096F9FF /* PayPalMessageModalViewModelTests.swift */ = {isa = PBXFileReference; fileEncoding = 4; lastKnownFileType = sourcecode.swift; path = PayPalMessageModalViewModelTests.swift; sourceTree = "<group>"; };
		F23BF3822AB89AA30074FA00 /* CloseButtonTests.swift */ = {isa = PBXFileReference; lastKnownFileType = sourcecode.swift; path = CloseButtonTests.swift; sourceTree = "<group>"; };
		F23BF3842AB89F670074FA00 /* UIViewTests.swift */ = {isa = PBXFileReference; lastKnownFileType = sourcecode.swift; path = UIViewTests.swift; sourceTree = "<group>"; };
		F23BF3862AB8AA470074FA00 /* AnyStringKeyTests.swift */ = {isa = PBXFileReference; lastKnownFileType = sourcecode.swift; path = AnyStringKeyTests.swift; sourceTree = "<group>"; };
		F23BF38A2AB8BAAC0074FA00 /* AnyCodableTests.swift */ = {isa = PBXFileReference; lastKnownFileType = sourcecode.swift; path = AnyCodableTests.swift; sourceTree = "<group>"; };
		F23BF38E2AB8D3A70074FA00 /* EnvironmentTests.swift */ = {isa = PBXFileReference; lastKnownFileType = sourcecode.swift; path = EnvironmentTests.swift; sourceTree = "<group>"; };
		F23BF3902AB8D6E60074FA00 /* PayPalMessageModalTests.swift */ = {isa = PBXFileReference; lastKnownFileType = sourcecode.swift; path = PayPalMessageModalTests.swift; sourceTree = "<group>"; };
		F23BF3922AB8D8A70074FA00 /* PayPalMessageViewTests.swift */ = {isa = PBXFileReference; lastKnownFileType = sourcecode.swift; path = PayPalMessageViewTests.swift; sourceTree = "<group>"; };
		F23BF3942AB9CEDA0074FA00 /* PayPalMessageResponseTests.swift */ = {isa = PBXFileReference; lastKnownFileType = sourcecode.swift; path = PayPalMessageResponseTests.swift; sourceTree = "<group>"; };
		F27522972AE056670092A3BF /* PayPalMessageConfigTests.swift */ = {isa = PBXFileReference; lastKnownFileType = sourcecode.swift; path = PayPalMessageConfigTests.swift; sourceTree = "<group>"; };
/* End PBXFileReference section */

/* Begin PBXFrameworksBuildPhase section */
		C635F42B2A9645B10096F9FF /* Frameworks */ = {
			isa = PBXFrameworksBuildPhase;
			buildActionMask = 2147483647;
			files = (
			);
			runOnlyForDeploymentPostprocessing = 0;
		};
		C635F4322A9645B10096F9FF /* Frameworks */ = {
			isa = PBXFrameworksBuildPhase;
			buildActionMask = 2147483647;
			files = (
				C635F4362A9645B10096F9FF /* PayPalMessages.framework in Frameworks */,
			);
			runOnlyForDeploymentPostprocessing = 0;
		};
/* End PBXFrameworksBuildPhase section */

/* Begin PBXGroup section */
		C635F3BB2A963DBE0096F9FF = {
			isa = PBXGroup;
			children = (
				C635F4ED2A96520C0096F9FF /* Package.swift */,
				C635F4EC2A96520C0096F9FF /* PayPalMessages.podspec */,
				C635F4EE2A96520D0096F9FF /* README.md */,
				C635F48C2A964A020096F9FF /* Sources */,
				C635F4EF2A96524D0096F9FF /* Tests */,
				C635F3C52A963DBE0096F9FF /* Products */,
			);
			sourceTree = "<group>";
		};
		C635F3C52A963DBE0096F9FF /* Products */ = {
			isa = PBXGroup;
			children = (
				C635F42E2A9645B10096F9FF /* PayPalMessages.framework */,
				C635F4352A9645B10096F9FF /* PayPalMessagesTests.xctest */,
			);
			name = Products;
			sourceTree = "<group>";
		};
		C635F48C2A964A020096F9FF /* Sources */ = {
			isa = PBXGroup;
			children = (
				C635F48D2A964A020096F9FF /* PayPalMessages */,
			);
			path = Sources;
			sourceTree = "<group>";
		};
		C635F48D2A964A020096F9FF /* PayPalMessages */ = {
			isa = PBXGroup;
			children = (
				C635F4952A964A020096F9FF /* Config */,
				C635F4BB2A964A020096F9FF /* Delegates */,
				C635F49A2A964A020096F9FF /* Enums */,
				C635F4B32A964A020096F9FF /* Extensions */,
				C635F48F2A964A020096F9FF /* Logger */,
				C635F4A52A964A020096F9FF /* IO */,
				C635F4AC2A964A020096F9FF /* Utils */,
				C635F4BE2A964A020096F9FF /* Views */,
				C635F4AB2A964A020096F9FF /* Assets.xcassets */,
				C635F4C02A964A020096F9FF /* PayPalMessageModal.swift */,
				C635F48E2A964A020096F9FF /* PayPalMessageModalViewModel.swift */,
				C635F4982A964A020096F9FF /* PayPalMessageView.swift */,
				C635F4992A964A020096F9FF /* PayPalMessageViewModel.swift */,
			);
			path = PayPalMessages;
			sourceTree = "<group>";
		};
		C635F48F2A964A020096F9FF /* Logger */ = {
			isa = PBXGroup;
			children = (
				C635F4902A964A020096F9FF /* ComponentLogger.swift */,
				C635F4912A964A020096F9FF /* ComponentLoggerEvent.swift */,
				C635F4922A964A020096F9FF /* Logger.swift */,
				C635F4932A964A020096F9FF /* AnyStringKey.swift */,
				C635F4942A964A020096F9FF /* AnyCodable.swift */,
			);
			path = Logger;
			sourceTree = "<group>";
		};
		C635F4952A964A020096F9FF /* Config */ = {
			isa = PBXGroup;
			children = (
				C635F4962A964A020096F9FF /* PayPalMessageConfig.swift */,
				C635F4972A964A020096F9FF /* PayPalMessageModalConfig.swift */,
			);
			path = Config;
			sourceTree = "<group>";
		};
		C635F49A2A964A020096F9FF /* Enums */ = {
			isa = PBXGroup;
			children = (
				C635F49B2A964A020096F9FF /* PayPalMessageOfferType.swift */,
				C635F49C2A964A020096F9FF /* BuildInfo.swift */,
				C635F49D2A964A020096F9FF /* Environment.swift */,
				C635F49E2A964A020096F9FF /* PayPalMessageTextAlignment.swift */,
				C635F49F2A964A020096F9FF /* PayPalMessageColor.swift */,
				C635F4A02A964A020096F9FF /* PayPalMessagePlacement.swift */,
				C635F4A12A964A020096F9FF /* ImageAsset.swift */,
				C635F4A22A964A020096F9FF /* PayPalMessageError.swift */,
				C635F4A32A964A020096F9FF /* HTTPHeaders.swift */,
				C635F4A42A964A020096F9FF /* PayPalMessageLogoType.swift */,
			);
			path = Enums;
			sourceTree = "<group>";
		};
		C635F4A52A964A020096F9FF /* IO */ = {
			isa = PBXGroup;
			children = (
				C635F4A62A964A020096F9FF /* MessageRequest.swift */,
				C635F4AA2A964A020096F9FF /* MessageResponse.swift */,
				C635F4A72A964A020096F9FF /* MerchantProfileProvider.swift */,
				C635F4A82A964A020096F9FF /* MerchantProfileRequest.swift */,
				C635F4A92A964A020096F9FF /* MerchantProfileData.swift */,
			);
			path = IO;
			sourceTree = "<group>";
		};
		C635F4AC2A964A020096F9FF /* Utils */ = {
			isa = PBXGroup;
			children = (
				C635F4AD2A964A020096F9FF /* PayPalMessageViewParameters.swift */,
				C635F4AE2A964A020096F9FF /* Log.swift */,
				C635F4AF2A964A020096F9FF /* Proxy.swift */,
				C635F4B02A964A020096F9FF /* PayPalMessageAttributedStringBuilder.swift */,
				C635F4B12A964A020096F9FF /* PayPalMessageViewParametersBuilder.swift */,
				C635F4B22A964A020096F9FF /* Fetch.swift */,
			);
			path = Utils;
			sourceTree = "<group>";
		};
		C635F4B32A964A020096F9FF /* Extensions */ = {
			isa = PBXGroup;
			children = (
				C635F4B42A964A020096F9FF /* UIView.swift */,
				C635F4B52A964A020096F9FF /* UIColor.swift */,
				C635F4B72A964A020096F9FF /* UserDefaults.swift */,
				C635F4B82A964A020096F9FF /* UIViewController.swift */,
				C635F4B92A964A020096F9FF /* HTTPURLResponse.swift */,
				C635F4BA2A964A020096F9FF /* CGFloat.swift */,
			);
			path = Extensions;
			sourceTree = "<group>";
		};
		C635F4BB2A964A020096F9FF /* Delegates */ = {
			isa = PBXGroup;
			children = (
				C635F4BC2A964A020096F9FF /* PayPalMessageModalDelegates.swift */,
				C635F4BD2A964A020096F9FF /* PayPalMessageDelegates.swift */,
			);
			path = Delegates;
			sourceTree = "<group>";
		};
		C635F4BE2A964A020096F9FF /* Views */ = {
			isa = PBXGroup;
			children = (
				C635F4BF2A964A020096F9FF /* CloseButton.swift */,
			);
			path = Views;
			sourceTree = "<group>";
		};
		C635F4EF2A96524D0096F9FF /* Tests */ = {
			isa = PBXGroup;
			children = (
				C635F4F02A96524D0096F9FF /* PayPalMessagesTests */,
			);
			path = Tests;
			sourceTree = "<group>";
		};
		C635F4F02A96524D0096F9FF /* PayPalMessagesTests */ = {
			isa = PBXGroup;
			children = (
				C635F4F12A96524D0096F9FF /* Mocks */,
				C635F4F82A96524D0096F9FF /* PayPalMessageAttributedStringTests.swift */,
				C635F4F92A96524D0096F9FF /* PayPalMessageLogoTests.swift */,
				C635F4FA2A96524D0096F9FF /* PayPalMessageViewModelTests.swift */,
				C635F4FB2A96524D0096F9FF /* PayPalMessageLoggerTests.swift */,
				C635F4FC2A96524D0096F9FF /* MerchantProfileProviderTests.swift */,
				C635F4FD2A96524D0096F9FF /* PayPalMessageModalViewModelTests.swift */,
				F23BF3822AB89AA30074FA00 /* CloseButtonTests.swift */,
				F23BF3842AB89F670074FA00 /* UIViewTests.swift */,
				F23BF3862AB8AA470074FA00 /* AnyStringKeyTests.swift */,
				F23BF38A2AB8BAAC0074FA00 /* AnyCodableTests.swift */,
				F23BF38E2AB8D3A70074FA00 /* EnvironmentTests.swift */,
				F23BF3902AB8D6E60074FA00 /* PayPalMessageModalTests.swift */,
				F23BF3922AB8D8A70074FA00 /* PayPalMessageViewTests.swift */,
				F23BF3942AB9CEDA0074FA00 /* PayPalMessageResponseTests.swift */,
				F27522972AE056670092A3BF /* PayPalMessageConfigTests.swift */,
			);
			path = PayPalMessagesTests;
			sourceTree = "<group>";
		};
		C635F4F12A96524D0096F9FF /* Mocks */ = {
			isa = PBXGroup;
			children = (
				C635F4F22A96524D0096F9FF /* PayPalMessageRequestMock.swift */,
				C635F4F32A96524D0096F9FF /* MerchantProfileRequestMock.swift */,
				C635F4F42A96524D0096F9FF /* PayPalMessageViewMock.swift */,
				C635F4F52A96524D0096F9FF /* PayPalMessageLogSenderMock.swift */,
				C635F4F62A96524D0096F9FF /* PayPalMessageModalMocks.swift */,
				C635F4F72A96524D0096F9FF /* PayPalMessageMerchantProviderMock.swift */,
			);
			path = Mocks;
			sourceTree = "<group>";
		};
/* End PBXGroup section */

/* Begin PBXHeadersBuildPhase section */
		C635F4292A9645B10096F9FF /* Headers */ = {
			isa = PBXHeadersBuildPhase;
			buildActionMask = 2147483647;
			files = (
			);
			runOnlyForDeploymentPostprocessing = 0;
		};
/* End PBXHeadersBuildPhase section */

/* Begin PBXNativeTarget section */
		C635F42D2A9645B10096F9FF /* PayPalMessages */ = {
			isa = PBXNativeTarget;
			buildConfigurationList = C635F4412A9645B10096F9FF /* Build configuration list for PBXNativeTarget "PayPalMessages" */;
			buildPhases = (
				C635F4292A9645B10096F9FF /* Headers */,
				C635F42A2A9645B10096F9FF /* Sources */,
				C635F42B2A9645B10096F9FF /* Frameworks */,
				C635F42C2A9645B10096F9FF /* Resources */,
			);
			buildRules = (
			);
			dependencies = (
			);
			name = PayPalMessages;
			productName = PayPalMessages;
			productReference = C635F42E2A9645B10096F9FF /* PayPalMessages.framework */;
			productType = "com.apple.product-type.framework";
		};
		C635F4342A9645B10096F9FF /* PayPalMessagesTests */ = {
			isa = PBXNativeTarget;
			buildConfigurationList = C635F4422A9645B10096F9FF /* Build configuration list for PBXNativeTarget "PayPalMessagesTests" */;
			buildPhases = (
				C635F4312A9645B10096F9FF /* Sources */,
				C635F4322A9645B10096F9FF /* Frameworks */,
				C635F4332A9645B10096F9FF /* Resources */,
			);
			buildRules = (
			);
			dependencies = (
				C635F4382A9645B10096F9FF /* PBXTargetDependency */,
			);
			name = PayPalMessagesTests;
			productName = PayPalMessagesTests;
			productReference = C635F4352A9645B10096F9FF /* PayPalMessagesTests.xctest */;
			productType = "com.apple.product-type.bundle.unit-test";
		};
/* End PBXNativeTarget section */

/* Begin PBXProject section */
		C635F3BC2A963DBE0096F9FF /* Project object */ = {
			isa = PBXProject;
			attributes = {
				BuildIndependentTargetsInParallel = 1;
				LastSwiftUpdateCheck = 1410;
				LastUpgradeCheck = 1410;
				TargetAttributes = {
					C635F42D2A9645B10096F9FF = {
						CreatedOnToolsVersion = 14.1;
						LastSwiftMigration = 1410;
					};
					C635F4342A9645B10096F9FF = {
						CreatedOnToolsVersion = 14.1;
					};
				};
			};
			buildConfigurationList = C635F3BF2A963DBE0096F9FF /* Build configuration list for PBXProject "PayPalMessages" */;
			compatibilityVersion = "Xcode 14.0";
			developmentRegion = en;
			hasScannedForEncodings = 0;
			knownRegions = (
				en,
				Base,
			);
			mainGroup = C635F3BB2A963DBE0096F9FF;
			productRefGroup = C635F3C52A963DBE0096F9FF /* Products */;
			projectDirPath = "";
			projectRoot = "";
			targets = (
				C635F42D2A9645B10096F9FF /* PayPalMessages */,
				C635F4342A9645B10096F9FF /* PayPalMessagesTests */,
			);
		};
/* End PBXProject section */

/* Begin PBXResourcesBuildPhase section */
		C635F42C2A9645B10096F9FF /* Resources */ = {
			isa = PBXResourcesBuildPhase;
			buildActionMask = 2147483647;
			files = (
				C635F4DA2A964A020096F9FF /* Assets.xcassets in Resources */,
			);
			runOnlyForDeploymentPostprocessing = 0;
		};
		C635F4332A9645B10096F9FF /* Resources */ = {
			isa = PBXResourcesBuildPhase;
			buildActionMask = 2147483647;
			files = (
			);
			runOnlyForDeploymentPostprocessing = 0;
		};
/* End PBXResourcesBuildPhase section */

/* Begin PBXSourcesBuildPhase section */
		C635F42A2A9645B10096F9FF /* Sources */ = {
			isa = PBXSourcesBuildPhase;
			buildActionMask = 2147483647;
			files = (
				C635F4E12A964A020096F9FF /* UIView.swift in Sources */,
				C635F4D62A964A020096F9FF /* MerchantProfileProvider.swift in Sources */,
				C635F4E52A964A020096F9FF /* UIViewController.swift in Sources */,
				C635F4D82A964A020096F9FF /* MerchantProfileData.swift in Sources */,
				C635F4DC2A964A020096F9FF /* Log.swift in Sources */,
				C635F4C92A964A020096F9FF /* PayPalMessageView.swift in Sources */,
				C635F4EB2A964A020096F9FF /* PayPalMessageModal.swift in Sources */,
				C635F4D12A964A020096F9FF /* ImageAsset.swift in Sources */,
				C635F4C82A964A020096F9FF /* PayPalMessageModalConfig.swift in Sources */,
				C635F4E22A964A020096F9FF /* UIColor.swift in Sources */,
				C635F4D92A964A020096F9FF /* MessageResponse.swift in Sources */,
				C635F4D22A964A020096F9FF /* PayPalMessageError.swift in Sources */,
				C635F4CE2A964A020096F9FF /* PayPalMessageTextAlignment.swift in Sources */,
				C635F4D72A964A020096F9FF /* MerchantProfileRequest.swift in Sources */,
				C635F4CB2A964A020096F9FF /* PayPalMessageOfferType.swift in Sources */,
				C635F4E72A964A020096F9FF /* CGFloat.swift in Sources */,
				C635F4D52A964A020096F9FF /* MessageRequest.swift in Sources */,
				C635F4E82A964A020096F9FF /* PayPalMessageModalDelegates.swift in Sources */,
				C635F4C12A964A020096F9FF /* PayPalMessageModalViewModel.swift in Sources */,
				C635F4D32A964A020096F9FF /* HTTPHeaders.swift in Sources */,
				C635F4C22A964A020096F9FF /* ComponentLogger.swift in Sources */,
				C635F4C32A964A020096F9FF /* ComponentLoggerEvent.swift in Sources */,
				C635F4CA2A964A020096F9FF /* PayPalMessageViewModel.swift in Sources */,
				C635F4E02A964A020096F9FF /* Fetch.swift in Sources */,
				C635F4EA2A964A020096F9FF /* CloseButton.swift in Sources */,
				C635F4DF2A964A020096F9FF /* PayPalMessageViewParametersBuilder.swift in Sources */,
				C635F4C52A964A020096F9FF /* AnyStringKey.swift in Sources */,
				C635F4CD2A964A020096F9FF /* Environment.swift in Sources */,
				C635F4D42A964A020096F9FF /* PayPalMessageLogoType.swift in Sources */,
				C635F4DE2A964A020096F9FF /* PayPalMessageAttributedStringBuilder.swift in Sources */,
				C635F4E42A964A020096F9FF /* UserDefaults.swift in Sources */,
				C635F4C42A964A020096F9FF /* Logger.swift in Sources */,
				C635F4C62A964A020096F9FF /* AnyCodable.swift in Sources */,
				C635F4D02A964A020096F9FF /* PayPalMessagePlacement.swift in Sources */,
				C635F4E92A964A020096F9FF /* PayPalMessageDelegates.swift in Sources */,
				C635F4CC2A964A020096F9FF /* BuildInfo.swift in Sources */,
				C635F4E62A964A020096F9FF /* HTTPURLResponse.swift in Sources */,
				C635F4DD2A964A020096F9FF /* Proxy.swift in Sources */,
				C635F4CF2A964A020096F9FF /* PayPalMessageColor.swift in Sources */,
				C635F4C72A964A020096F9FF /* PayPalMessageConfig.swift in Sources */,
				C635F4DB2A964A020096F9FF /* PayPalMessageViewParameters.swift in Sources */,
			);
			runOnlyForDeploymentPostprocessing = 0;
		};
		C635F4312A9645B10096F9FF /* Sources */ = {
			isa = PBXSourcesBuildPhase;
			buildActionMask = 2147483647;
			files = (
				F23BF3852AB89F670074FA00 /* UIViewTests.swift in Sources */,
				F23BF3912AB8D6E60074FA00 /* PayPalMessageModalTests.swift in Sources */,
				F23BF3832AB89AA30074FA00 /* CloseButtonTests.swift in Sources */,
				C635F5022A96524D0096F9FF /* PayPalMessageModalMocks.swift in Sources */,
				F23BF3952AB9CEDA0074FA00 /* PayPalMessageResponseTests.swift in Sources */,
				F23BF38F2AB8D3A70074FA00 /* EnvironmentTests.swift in Sources */,
				F23BF38B2AB8BAAC0074FA00 /* AnyCodableTests.swift in Sources */,
				C635F5012A96524D0096F9FF /* PayPalMessageLogSenderMock.swift in Sources */,
				C635F5062A96524D0096F9FF /* PayPalMessageViewModelTests.swift in Sources */,
				C635F5082A96524D0096F9FF /* MerchantProfileProviderTests.swift in Sources */,
				F27522982AE056670092A3BF /* PayPalMessageConfigTests.swift in Sources */,
				C635F5002A96524D0096F9FF /* PayPalMessageViewMock.swift in Sources */,
				C635F5032A96524D0096F9FF /* PayPalMessageMerchantProviderMock.swift in Sources */,
				F23BF3872AB8AA470074FA00 /* AnyStringKeyTests.swift in Sources */,
				C635F4FF2A96524D0096F9FF /* MerchantProfileRequestMock.swift in Sources */,
				F23BF3932AB8D8A70074FA00 /* PayPalMessageViewTests.swift in Sources */,
				C635F5042A96524D0096F9FF /* PayPalMessageAttributedStringTests.swift in Sources */,
				C635F4FE2A96524D0096F9FF /* PayPalMessageRequestMock.swift in Sources */,
				C635F5092A96524D0096F9FF /* PayPalMessageModalViewModelTests.swift in Sources */,
				C635F5072A96524D0096F9FF /* PayPalMessageLoggerTests.swift in Sources */,
				C635F5052A96524D0096F9FF /* PayPalMessageLogoTests.swift in Sources */,
			);
			runOnlyForDeploymentPostprocessing = 0;
		};
/* End PBXSourcesBuildPhase section */

/* Begin PBXTargetDependency section */
		C635F4382A9645B10096F9FF /* PBXTargetDependency */ = {
			isa = PBXTargetDependency;
			target = C635F42D2A9645B10096F9FF /* PayPalMessages */;
			targetProxy = C635F4372A9645B10096F9FF /* PBXContainerItemProxy */;
		};
/* End PBXTargetDependency section */

/* Begin XCBuildConfiguration section */
		C635F3E62A963DC10096F9FF /* Debug */ = {
			isa = XCBuildConfiguration;
			buildSettings = {
				ALWAYS_SEARCH_USER_PATHS = NO;
				BUILD_LIBRARY_FOR_DISTRIBUTION = YES;
				CLANG_ANALYZER_NONNULL = YES;
				CLANG_ANALYZER_NUMBER_OBJECT_CONVERSION = YES_AGGRESSIVE;
				CLANG_CXX_LANGUAGE_STANDARD = "gnu++20";
				CLANG_ENABLE_MODULES = YES;
				CLANG_ENABLE_OBJC_ARC = YES;
				CLANG_ENABLE_OBJC_WEAK = YES;
				CLANG_WARN_BLOCK_CAPTURE_AUTORELEASING = YES;
				CLANG_WARN_BOOL_CONVERSION = YES;
				CLANG_WARN_COMMA = YES;
				CLANG_WARN_CONSTANT_CONVERSION = YES;
				CLANG_WARN_DEPRECATED_OBJC_IMPLEMENTATIONS = YES;
				CLANG_WARN_DIRECT_OBJC_ISA_USAGE = YES_ERROR;
				CLANG_WARN_DOCUMENTATION_COMMENTS = YES;
				CLANG_WARN_EMPTY_BODY = YES;
				CLANG_WARN_ENUM_CONVERSION = YES;
				CLANG_WARN_INFINITE_RECURSION = YES;
				CLANG_WARN_INT_CONVERSION = YES;
				CLANG_WARN_NON_LITERAL_NULL_CONVERSION = YES;
				CLANG_WARN_OBJC_IMPLICIT_RETAIN_SELF = YES;
				CLANG_WARN_OBJC_LITERAL_CONVERSION = YES;
				CLANG_WARN_OBJC_ROOT_CLASS = YES_ERROR;
				CLANG_WARN_QUOTED_INCLUDE_IN_FRAMEWORK_HEADER = YES;
				CLANG_WARN_RANGE_LOOP_ANALYSIS = YES;
				CLANG_WARN_STRICT_PROTOTYPES = YES;
				CLANG_WARN_SUSPICIOUS_MOVE = YES;
				CLANG_WARN_UNGUARDED_AVAILABILITY = YES_AGGRESSIVE;
				CLANG_WARN_UNREACHABLE_CODE = YES;
				CLANG_WARN__DUPLICATE_METHOD_MATCH = YES;
				COPY_PHASE_STRIP = NO;
				DEBUG_INFORMATION_FORMAT = dwarf;
				ENABLE_STRICT_OBJC_MSGSEND = YES;
				ENABLE_TESTABILITY = YES;
				GCC_C_LANGUAGE_STANDARD = gnu11;
				GCC_DYNAMIC_NO_PIC = NO;
				GCC_NO_COMMON_BLOCKS = YES;
				GCC_OPTIMIZATION_LEVEL = 0;
				GCC_PREPROCESSOR_DEFINITIONS = (
					"DEBUG=1",
					"$(inherited)",
				);
				GCC_WARN_64_TO_32_BIT_CONVERSION = YES;
				GCC_WARN_ABOUT_RETURN_TYPE = YES_ERROR;
				GCC_WARN_UNDECLARED_SELECTOR = YES;
				GCC_WARN_UNINITIALIZED_AUTOS = YES_AGGRESSIVE;
				GCC_WARN_UNUSED_FUNCTION = YES;
				GCC_WARN_UNUSED_VARIABLE = YES;
				IPHONEOS_DEPLOYMENT_TARGET = 14.0;
				MTL_ENABLE_DEBUG_INFO = INCLUDE_SOURCE;
				MTL_FAST_MATH = YES;
				ONLY_ACTIVE_ARCH = YES;
				SDKROOT = iphoneos;
				SKIP_INSTALL = NO;
				SWIFT_ACTIVE_COMPILATION_CONDITIONS = DEBUG;
				SWIFT_OPTIMIZATION_LEVEL = "-Onone";
			};
			name = Debug;
		};
		C635F3E72A963DC10096F9FF /* Release */ = {
			isa = XCBuildConfiguration;
			buildSettings = {
				ALWAYS_SEARCH_USER_PATHS = NO;
				BUILD_LIBRARY_FOR_DISTRIBUTION = YES;
				CLANG_ANALYZER_NONNULL = YES;
				CLANG_ANALYZER_NUMBER_OBJECT_CONVERSION = YES_AGGRESSIVE;
				CLANG_CXX_LANGUAGE_STANDARD = "gnu++20";
				CLANG_ENABLE_MODULES = YES;
				CLANG_ENABLE_OBJC_ARC = YES;
				CLANG_ENABLE_OBJC_WEAK = YES;
				CLANG_WARN_BLOCK_CAPTURE_AUTORELEASING = YES;
				CLANG_WARN_BOOL_CONVERSION = YES;
				CLANG_WARN_COMMA = YES;
				CLANG_WARN_CONSTANT_CONVERSION = YES;
				CLANG_WARN_DEPRECATED_OBJC_IMPLEMENTATIONS = YES;
				CLANG_WARN_DIRECT_OBJC_ISA_USAGE = YES_ERROR;
				CLANG_WARN_DOCUMENTATION_COMMENTS = YES;
				CLANG_WARN_EMPTY_BODY = YES;
				CLANG_WARN_ENUM_CONVERSION = YES;
				CLANG_WARN_INFINITE_RECURSION = YES;
				CLANG_WARN_INT_CONVERSION = YES;
				CLANG_WARN_NON_LITERAL_NULL_CONVERSION = YES;
				CLANG_WARN_OBJC_IMPLICIT_RETAIN_SELF = YES;
				CLANG_WARN_OBJC_LITERAL_CONVERSION = YES;
				CLANG_WARN_OBJC_ROOT_CLASS = YES_ERROR;
				CLANG_WARN_QUOTED_INCLUDE_IN_FRAMEWORK_HEADER = YES;
				CLANG_WARN_RANGE_LOOP_ANALYSIS = YES;
				CLANG_WARN_STRICT_PROTOTYPES = YES;
				CLANG_WARN_SUSPICIOUS_MOVE = YES;
				CLANG_WARN_UNGUARDED_AVAILABILITY = YES_AGGRESSIVE;
				CLANG_WARN_UNREACHABLE_CODE = YES;
				CLANG_WARN__DUPLICATE_METHOD_MATCH = YES;
				COPY_PHASE_STRIP = NO;
				DEBUG_INFORMATION_FORMAT = "dwarf-with-dsym";
				ENABLE_NS_ASSERTIONS = NO;
				ENABLE_STRICT_OBJC_MSGSEND = YES;
				GCC_C_LANGUAGE_STANDARD = gnu11;
				GCC_NO_COMMON_BLOCKS = YES;
				GCC_WARN_64_TO_32_BIT_CONVERSION = YES;
				GCC_WARN_ABOUT_RETURN_TYPE = YES_ERROR;
				GCC_WARN_UNDECLARED_SELECTOR = YES;
				GCC_WARN_UNINITIALIZED_AUTOS = YES_AGGRESSIVE;
				GCC_WARN_UNUSED_FUNCTION = YES;
				GCC_WARN_UNUSED_VARIABLE = YES;
				IPHONEOS_DEPLOYMENT_TARGET = 14.0;
				MTL_ENABLE_DEBUG_INFO = NO;
				MTL_FAST_MATH = YES;
				SDKROOT = iphoneos;
				SKIP_INSTALL = NO;
				SWIFT_COMPILATION_MODE = wholemodule;
				SWIFT_OPTIMIZATION_LEVEL = "-O";
				VALIDATE_PRODUCT = YES;
			};
			name = Release;
		};
		C635F43D2A9645B10096F9FF /* Debug */ = {
			isa = XCBuildConfiguration;
			buildSettings = {
				BUILD_LIBRARY_FOR_DISTRIBUTION = YES;
				CLANG_ENABLE_MODULES = YES;
				CODE_SIGN_STYLE = Automatic;
				CURRENT_PROJECT_VERSION = 1;
				DEFINES_MODULE = YES;
				DYLIB_COMPATIBILITY_VERSION = 1;
				DYLIB_CURRENT_VERSION = 1;
				DYLIB_INSTALL_NAME_BASE = "@rpath";
				GENERATE_INFOPLIST_FILE = YES;
				INFOPLIST_KEY_NSHumanReadableCopyright = "";
				INSTALL_PATH = "$(LOCAL_LIBRARY_DIR)/Frameworks";
				LD_RUNPATH_SEARCH_PATHS = (
					"$(inherited)",
					"@executable_path/Frameworks",
					"@loader_path/Frameworks",
				);
				MARKETING_VERSION = 1.0;
				PRODUCT_BUNDLE_IDENTIFIER = com.paypal.PayPalMessages.PayPalMessages;
				PRODUCT_NAME = "$(TARGET_NAME:c99extidentifier)";
				SKIP_INSTALL = NO;
				SWIFT_EMIT_LOC_STRINGS = YES;
				SWIFT_OPTIMIZATION_LEVEL = "-Onone";
				SWIFT_VERSION = 5.0;
				TARGETED_DEVICE_FAMILY = "1,2";
				VERSIONING_SYSTEM = "apple-generic";
				VERSION_INFO_PREFIX = "";
			};
			name = Debug;
		};
		C635F43E2A9645B10096F9FF /* Release */ = {
			isa = XCBuildConfiguration;
			buildSettings = {
				BUILD_LIBRARY_FOR_DISTRIBUTION = YES;
				CLANG_ENABLE_MODULES = YES;
				CODE_SIGN_STYLE = Automatic;
				CURRENT_PROJECT_VERSION = 1;
				DEFINES_MODULE = YES;
				DYLIB_COMPATIBILITY_VERSION = 1;
				DYLIB_CURRENT_VERSION = 1;
				DYLIB_INSTALL_NAME_BASE = "@rpath";
				GENERATE_INFOPLIST_FILE = YES;
				INFOPLIST_KEY_NSHumanReadableCopyright = "";
				INSTALL_PATH = "$(LOCAL_LIBRARY_DIR)/Frameworks";
				LD_RUNPATH_SEARCH_PATHS = (
					"$(inherited)",
					"@executable_path/Frameworks",
					"@loader_path/Frameworks",
				);
				MARKETING_VERSION = 1.0;
				PRODUCT_BUNDLE_IDENTIFIER = com.paypal.PayPalMessages.PayPalMessages;
				PRODUCT_NAME = "$(TARGET_NAME:c99extidentifier)";
				SKIP_INSTALL = NO;
				SWIFT_EMIT_LOC_STRINGS = YES;
				SWIFT_VERSION = 5.0;
				TARGETED_DEVICE_FAMILY = "1,2";
				VERSIONING_SYSTEM = "apple-generic";
				VERSION_INFO_PREFIX = "";
			};
			name = Release;
		};
		C635F43F2A9645B10096F9FF /* Debug */ = {
			isa = XCBuildConfiguration;
			buildSettings = {
				ALWAYS_EMBED_SWIFT_STANDARD_LIBRARIES = YES;
				BUILD_LIBRARY_FOR_DISTRIBUTION = NO;
				CODE_SIGN_STYLE = Automatic;
				CURRENT_PROJECT_VERSION = 1;
				GENERATE_INFOPLIST_FILE = YES;
				MARKETING_VERSION = 1.0;
				PRODUCT_BUNDLE_IDENTIFIER = com.paypal.PayPalMessages.PayPalMessagesTests;
				PRODUCT_NAME = "$(TARGET_NAME)";
				SKIP_INSTALL = YES;
				SWIFT_EMIT_LOC_STRINGS = NO;
				SWIFT_VERSION = 5.0;
				TARGETED_DEVICE_FAMILY = "1,2";
			};
			name = Debug;
		};
		C635F4402A9645B10096F9FF /* Release */ = {
			isa = XCBuildConfiguration;
			buildSettings = {
				ALWAYS_EMBED_SWIFT_STANDARD_LIBRARIES = YES;
				BUILD_LIBRARY_FOR_DISTRIBUTION = NO;
				CODE_SIGN_STYLE = Automatic;
				CURRENT_PROJECT_VERSION = 1;
				GENERATE_INFOPLIST_FILE = YES;
				MARKETING_VERSION = 1.0;
				PRODUCT_BUNDLE_IDENTIFIER = com.paypal.PayPalMessages.PayPalMessagesTests;
				PRODUCT_NAME = "$(TARGET_NAME)";
				SKIP_INSTALL = YES;
				SWIFT_EMIT_LOC_STRINGS = NO;
				SWIFT_VERSION = 5.0;
				TARGETED_DEVICE_FAMILY = "1,2";
			};
			name = Release;
		};
/* End XCBuildConfiguration section */

/* Begin XCConfigurationList section */
		C635F3BF2A963DBE0096F9FF /* Build configuration list for PBXProject "PayPalMessages" */ = {
			isa = XCConfigurationList;
			buildConfigurations = (
				C635F3E62A963DC10096F9FF /* Debug */,
				C635F3E72A963DC10096F9FF /* Release */,
			);
			defaultConfigurationIsVisible = 0;
			defaultConfigurationName = Release;
		};
		C635F4412A9645B10096F9FF /* Build configuration list for PBXNativeTarget "PayPalMessages" */ = {
			isa = XCConfigurationList;
			buildConfigurations = (
				C635F43D2A9645B10096F9FF /* Debug */,
				C635F43E2A9645B10096F9FF /* Release */,
			);
			defaultConfigurationIsVisible = 0;
			defaultConfigurationName = Release;
		};
		C635F4422A9645B10096F9FF /* Build configuration list for PBXNativeTarget "PayPalMessagesTests" */ = {
			isa = XCConfigurationList;
			buildConfigurations = (
				C635F43F2A9645B10096F9FF /* Debug */,
				C635F4402A9645B10096F9FF /* Release */,
			);
			defaultConfigurationIsVisible = 0;
			defaultConfigurationName = Release;
		};
/* End XCConfigurationList section */
	};
	rootObject = C635F3BC2A963DBE0096F9FF /* Project object */;
}
